
Microsoft Visual Studio Solution File, Format Version 12.00
# Visual Studio Version 16
VisualStudioVersion = 16.0.29509.3
MinimumVisualStudioVersion = 10.0.40219.1
Project("{FAE04EC0-301F-11D3-BF4B-00C04F79EFBC}") = "StringMetotlar", "StringMetotlar\StringMetotlar.csproj", "{7E731858-5ECB-40B0-BD78-3BEE07F1DBF1}"
EndProject
Global
	GlobalSection(SolutionConfigurationPlatforms) = preSolution
		Debug|Any CPU = Debug|Any CPU
		Release|Any CPU = Release|Any CPU
	EndGlobalSection
	GlobalSection(ProjectConfigurationPlatforms) = postSolution
		{7E731858-5ECB-40B0-BD78-3BEE07F1DBF1}.Debug|Any CPU.ActiveCfg = Debug|Any CPU
		{7E731858-5ECB-40B0-BD78-3BEE07F1DBF1}.Debug|Any CPU.Build.0 = Debug|Any CPU
		{7E731858-5ECB-40B0-BD78-3BEE07F1DBF1}.Release|Any CPU.ActiveCfg = Release|Any CPU
		{7E731858-5ECB-40B0-BD78-3BEE07F1DBF1}.Release|Any CPU.Build.0 = Release|Any CPU
	EndGlobalSection
	GlobalSection(SolutionProperties) = preSolution
		HideSolutionNode = FALSE
	EndGlobalSection
	GlobalSection(ExtensibilityGlobals) = postSolution
		SolutionGuid = {58F30A0A-A557-4004-9E86-0B692A581A05}
	EndGlobalSection
EndGlobal
